
Microsoft Visual Studio Solution File, Format Version 12.00
# Visual Studio Version 17
VisualStudioVersion = 17.2.32630.192
MinimumVisualStudioVersion = 15.0.26124.0
Project("{9A19103F-16F7-4668-BE54-9A1E7A4F7556}") = "SampleForSuperset.Objects", "Objects\SampleForSuperset.Objects.csproj", "{BEBB9119-B742-46CC-B294-9DE51E39ACEF}"
EndProject
Project("{9A19103F-16F7-4668-BE54-9A1E7A4F7556}") = "SampleForSuperset.Tests", "Tests\SampleForSuperset.Tests.csproj", "{CA0F2572-CA3E-41EA-975F-78A7ED59A86E}"
EndProject
Project("{9A19103F-16F7-4668-BE54-9A1E7A4F7556}") = "SampleForSuperset.ODataBackend", "ODataBackend\SampleForSuperset.ODataBackend.csproj", "{61AD9EE8-BF12-4A17-AF47-A1DA4D394C31}"
EndProject
Project("{9A19103F-16F7-4668-BE54-9A1E7A4F7556}") = "SampleForSuperset.IntegrationTests", "IntegrationTests\SampleForSuperset.IntegrationTests.csproj", "{A33C181C-E97F-4C47-8ECD-2BBD1650670B}"
EndProject
Global
	GlobalSection(SolutionConfigurationPlatforms) = preSolution
		Debug|Any CPU = Debug|Any CPU
		Release|Any CPU = Release|Any CPU
	EndGlobalSection
	GlobalSection(ProjectConfigurationPlatforms) = postSolution
		{BEBB9119-B742-46CC-B294-9DE51E39ACEF}.Debug|Any CPU.ActiveCfg = Debug|Any CPU
		{BEBB9119-B742-46CC-B294-9DE51E39ACEF}.Debug|Any CPU.Build.0 = Debug|Any CPU
		{BEBB9119-B742-46CC-B294-9DE51E39ACEF}.Release|Any CPU.ActiveCfg = Release|Any CPU
		{BEBB9119-B742-46CC-B294-9DE51E39ACEF}.Release|Any CPU.Build.0 = Release|Any CPU
		{CA0F2572-CA3E-41EA-975F-78A7ED59A86E}.Debug|Any CPU.ActiveCfg = Debug|Any CPU
		{CA0F2572-CA3E-41EA-975F-78A7ED59A86E}.Debug|Any CPU.Build.0 = Debug|Any CPU
		{CA0F2572-CA3E-41EA-975F-78A7ED59A86E}.Release|Any CPU.ActiveCfg = Release|Any CPU
		{CA0F2572-CA3E-41EA-975F-78A7ED59A86E}.Release|Any CPU.Build.0 = Release|Any CPU
		{61AD9EE8-BF12-4A17-AF47-A1DA4D394C31}.Debug|Any CPU.ActiveCfg = Debug|Any CPU
		{61AD9EE8-BF12-4A17-AF47-A1DA4D394C31}.Debug|Any CPU.Build.0 = Debug|Any CPU
		{61AD9EE8-BF12-4A17-AF47-A1DA4D394C31}.Release|Any CPU.ActiveCfg = Release|Any CPU
		{61AD9EE8-BF12-4A17-AF47-A1DA4D394C31}.Release|Any CPU.Build.0 = Release|Any CPU
		{A33C181C-E97F-4C47-8ECD-2BBD1650670B}.Debug|Any CPU.ActiveCfg = Debug|Any CPU
		{A33C181C-E97F-4C47-8ECD-2BBD1650670B}.Debug|Any CPU.Build.0 = Debug|Any CPU
		{A33C181C-E97F-4C47-8ECD-2BBD1650670B}.Release|Any CPU.ActiveCfg = Release|Any CPU
		{A33C181C-E97F-4C47-8ECD-2BBD1650670B}.Release|Any CPU.Build.0 = Release|Any CPU
	EndGlobalSection
	GlobalSection(SolutionProperties) = preSolution
		HideSolutionNode = FALSE
	EndGlobalSection
	GlobalSection(ExtensibilityGlobals) = postSolution
		SolutionGuid = {FABE2012-6F71-46B1-A169-88BCF4C3AD45}
	EndGlobalSection
EndGlobal
