
Microsoft Visual Studio Solution File, Format Version 12.00
# Visual Studio Version 17
VisualStudioVersion = 17.2.32630.192
MinimumVisualStudioVersion = 15.0.26124.0
Project("{9A19103F-16F7-4668-BE54-9A1E7A4F7556}") = "SampleForSuperset.Objects", "Objects\SampleForSuperset.Objects.csproj", "{159D4BFF-6043-4D5D-A10C-DAA2D60141B9}"
EndProject
Project("{9A19103F-16F7-4668-BE54-9A1E7A4F7556}") = "SampleForSuperset.Tests", "Tests\SampleForSuperset.Tests.csproj", "{2D91AD9D-1821-46C7-897C-C73669533388}"
EndProject
Project("{9A19103F-16F7-4668-BE54-9A1E7A4F7556}") = "SampleForSuperset.ODataBackend", "ODataBackend\SampleForSuperset.ODataBackend.csproj", "{16A89BA5-8E21-4116-8E8F-D9938237C8F2}"
EndProject
Project("{9A19103F-16F7-4668-BE54-9A1E7A4F7556}") = "SampleForSuperset.IntegrationTests", "IntegrationTests\SampleForSuperset.IntegrationTests.csproj", "{B715BFBB-39EB-4C13-86C2-8A2F8414A0A3}"
EndProject
Global
	GlobalSection(SolutionConfigurationPlatforms) = preSolution
		Debug|Any CPU = Debug|Any CPU
		Release|Any CPU = Release|Any CPU
	EndGlobalSection
	GlobalSection(ProjectConfigurationPlatforms) = postSolution
		{159D4BFF-6043-4D5D-A10C-DAA2D60141B9}.Debug|Any CPU.ActiveCfg = Debug|Any CPU
		{159D4BFF-6043-4D5D-A10C-DAA2D60141B9}.Debug|Any CPU.Build.0 = Debug|Any CPU
		{159D4BFF-6043-4D5D-A10C-DAA2D60141B9}.Release|Any CPU.ActiveCfg = Release|Any CPU
		{159D4BFF-6043-4D5D-A10C-DAA2D60141B9}.Release|Any CPU.Build.0 = Release|Any CPU
		{2D91AD9D-1821-46C7-897C-C73669533388}.Debug|Any CPU.ActiveCfg = Debug|Any CPU
		{2D91AD9D-1821-46C7-897C-C73669533388}.Debug|Any CPU.Build.0 = Debug|Any CPU
		{2D91AD9D-1821-46C7-897C-C73669533388}.Release|Any CPU.ActiveCfg = Release|Any CPU
		{2D91AD9D-1821-46C7-897C-C73669533388}.Release|Any CPU.Build.0 = Release|Any CPU
		{16A89BA5-8E21-4116-8E8F-D9938237C8F2}.Debug|Any CPU.ActiveCfg = Debug|Any CPU
		{16A89BA5-8E21-4116-8E8F-D9938237C8F2}.Debug|Any CPU.Build.0 = Debug|Any CPU
		{16A89BA5-8E21-4116-8E8F-D9938237C8F2}.Release|Any CPU.ActiveCfg = Release|Any CPU
		{16A89BA5-8E21-4116-8E8F-D9938237C8F2}.Release|Any CPU.Build.0 = Release|Any CPU
		{B715BFBB-39EB-4C13-86C2-8A2F8414A0A3}.Debug|Any CPU.ActiveCfg = Debug|Any CPU
		{B715BFBB-39EB-4C13-86C2-8A2F8414A0A3}.Debug|Any CPU.Build.0 = Debug|Any CPU
		{B715BFBB-39EB-4C13-86C2-8A2F8414A0A3}.Release|Any CPU.ActiveCfg = Release|Any CPU
		{B715BFBB-39EB-4C13-86C2-8A2F8414A0A3}.Release|Any CPU.Build.0 = Release|Any CPU
	EndGlobalSection
	GlobalSection(SolutionProperties) = preSolution
		HideSolutionNode = FALSE
	EndGlobalSection
	GlobalSection(ExtensibilityGlobals) = postSolution
		SolutionGuid = {DEDBE7EF-8D0C-4FF7-893E-71B747E46039}
	EndGlobalSection
EndGlobal
